
Microsoft Visual Studio Solution File, Format Version 12.00
# Visual Studio Version 17
VisualStudioVersion = 17.6.33801.468
MinimumVisualStudioVersion = 10.0.40219.1
Project("{FAE04EC0-301F-11D3-BF4B-00C04F79EFBC}") = "MyFirstWindowsService", "MyFirstWindowsService.csproj", "{92FEF89E-3E71-4A62-8A66-AE8C7D624598}"
EndProject
Project("{54435603-DBB4-11D2-8724-00A0C9A8B90C}") = "SetupMyFirstWindowsService", "..\SetupMyFirstWindowsService\SetupMyFirstWindowsService.vdproj", "{1E462746-947C-46BA-ABB4-FF8C219D331E}"
EndProject
Global
	GlobalSection(SolutionConfigurationPlatforms) = preSolution
		Debug|Any CPU = Debug|Any CPU
		Release|Any CPU = Release|Any CPU
	EndGlobalSection
	GlobalSection(ProjectConfigurationPlatforms) = postSolution
		{92FEF89E-3E71-4A62-8A66-AE8C7D624598}.Debug|Any CPU.ActiveCfg = Debug|Any CPU
		{92FEF89E-3E71-4A62-8A66-AE8C7D624598}.Debug|Any CPU.Build.0 = Debug|Any CPU
		{92FEF89E-3E71-4A62-8A66-AE8C7D624598}.Release|Any CPU.ActiveCfg = Release|Any CPU
		{92FEF89E-3E71-4A62-8A66-AE8C7D624598}.Release|Any CPU.Build.0 = Release|Any CPU
		{1E462746-947C-46BA-ABB4-FF8C219D331E}.Debug|Any CPU.ActiveCfg = Debug
		{1E462746-947C-46BA-ABB4-FF8C219D331E}.Release|Any CPU.ActiveCfg = Release
	EndGlobalSection
	GlobalSection(SolutionProperties) = preSolution
		HideSolutionNode = FALSE
	EndGlobalSection
	GlobalSection(ExtensibilityGlobals) = postSolution
		SolutionGuid = {A9743C29-C525-4719-83A2-6F183087B9A2}
	EndGlobalSection
EndGlobal
